// !$*UTF8*$!
{
	archiveVersion = 1;
	classes = {
	};
	objectVersion = 50;
	objects = {

/* Begin PBXBuildFile section */
		6ADC74FF2576EBDD00E29524 /* RNTestFramework.framework in Frameworks */ = {isa = PBXBuildFile; fileRef = 6ADC74F52576EBDC00E29524 /* RNTestFramework.framework */; };
		6ADC75042576EBDD00E29524 /* RNTestFrameworkTests.swift in Sources */ = {isa = PBXBuildFile; fileRef = 6ADC75032576EBDD00E29524 /* RNTestFrameworkTests.swift */; };
		6ADC75062576EBDD00E29524 /* RNTestFramework.h in Headers */ = {isa = PBXBuildFile; fileRef = 6ADC74F82576EBDC00E29524 /* RNTestFramework.h */; settings = {ATTRIBUTES = (Public, ); }; };
		6ADC75122576EEF600E29524 /* RNTestController.swift in Sources */ = {isa = PBXBuildFile; fileRef = 6ADC75112576EEF600E29524 /* RNTestController.swift */; };
/* End PBXBuildFile section */

/* Begin PBXContainerItemProxy section */
		6ADC75002576EBDD00E29524 /* PBXContainerItemProxy */ = {
			isa = PBXContainerItemProxy;
			containerPortal = 6ADC74EC2576EBDC00E29524 /* Project object */;
			proxyType = 1;
			remoteGlobalIDString = 6ADC74F42576EBDC00E29524;
			remoteInfo = RNTestFramework;
		};
/* End PBXContainerItemProxy section */

/* Begin PBXFileReference section */
		6ADC74F52576EBDC00E29524 /* RNTestFramework.framework */ = {isa = PBXFileReference; explicitFileType = wrapper.framework; includeInIndex = 0; path = RNTestFramework.framework; sourceTree = BUILT_PRODUCTS_DIR; };
		6ADC74F82576EBDC00E29524 /* RNTestFramework.h */ = {isa = PBXFileReference; lastKnownFileType = sourcecode.c.h; path = RNTestFramework.h; sourceTree = "<group>"; };
		6ADC74F92576EBDC00E29524 /* Info.plist */ = {isa = PBXFileReference; lastKnownFileType = text.plist.xml; path = Info.plist; sourceTree = "<group>"; };
		6ADC74FE2576EBDD00E29524 /* RNTestFrameworkTests.xctest */ = {isa = PBXFileReference; explicitFileType = wrapper.cfbundle; includeInIndex = 0; path = RNTestFrameworkTests.xctest; sourceTree = BUILT_PRODUCTS_DIR; };
		6ADC75032576EBDD00E29524 /* RNTestFrameworkTests.swift */ = {isa = PBXFileReference; lastKnownFileType = sourcecode.swift; path = RNTestFrameworkTests.swift; sourceTree = "<group>"; };
		6ADC75052576EBDD00E29524 /* Info.plist */ = {isa = PBXFileReference; lastKnownFileType = text.plist.xml; path = Info.plist; sourceTree = "<group>"; };
		6ADC75112576EEF600E29524 /* RNTestController.swift */ = {isa = PBXFileReference; lastKnownFileType = sourcecode.swift; path = RNTestController.swift; sourceTree = "<group>"; };
/* End PBXFileReference section */

/* Begin PBXFrameworksBuildPhase section */
		6ADC74F22576EBDC00E29524 /* Frameworks */ = {
			isa = PBXFrameworksBuildPhase;
			buildActionMask = 2147483647;
			files = (
			);
			runOnlyForDeploymentPostprocessing = 0;
		};
		6ADC74FB2576EBDD00E29524 /* Frameworks */ = {
			isa = PBXFrameworksBuildPhase;
			buildActionMask = 2147483647;
			files = (
				6ADC74FF2576EBDD00E29524 /* RNTestFramework.framework in Frameworks */,
			);
			runOnlyForDeploymentPostprocessing = 0;
		};
/* End PBXFrameworksBuildPhase section */

/* Begin PBXGroup section */
		6ADC74EB2576EBDC00E29524 = {
			isa = PBXGroup;
			children = (
				6ADC74F72576EBDC00E29524 /* RNTestFramework */,
				6ADC75022576EBDD00E29524 /* RNTestFrameworkTests */,
				6ADC74F62576EBDC00E29524 /* Products */,
			);
			sourceTree = "<group>";
		};
		6ADC74F62576EBDC00E29524 /* Products */ = {
			isa = PBXGroup;
			children = (
				6ADC74F52576EBDC00E29524 /* RNTestFramework.framework */,
				6ADC74FE2576EBDD00E29524 /* RNTestFrameworkTests.xctest */,
			);
			name = Products;
			sourceTree = "<group>";
		};
		6ADC74F72576EBDC00E29524 /* RNTestFramework */ = {
			isa = PBXGroup;
			children = (
				6ADC74F82576EBDC00E29524 /* RNTestFramework.h */,
				6ADC74F92576EBDC00E29524 /* Info.plist */,
				6ADC75112576EEF600E29524 /* RNTestController.swift */,
			);
			path = RNTestFramework;
			sourceTree = "<group>";
		};
		6ADC75022576EBDD00E29524 /* RNTestFrameworkTests */ = {
			isa = PBXGroup;
			children = (
				6ADC75032576EBDD00E29524 /* RNTestFrameworkTests.swift */,
				6ADC75052576EBDD00E29524 /* Info.plist */,
			);
			path = RNTestFrameworkTests;
			sourceTree = "<group>";
		};
/* End PBXGroup section */

/* Begin PBXHeadersBuildPhase section */
		6ADC74F02576EBDC00E29524 /* Headers */ = {
			isa = PBXHeadersBuildPhase;
			buildActionMask = 2147483647;
			files = (
				6ADC75062576EBDD00E29524 /* RNTestFramework.h in Headers */,
			);
			runOnlyForDeploymentPostprocessing = 0;
		};
/* End PBXHeadersBuildPhase section */

/* Begin PBXNativeTarget section */
		6ADC74F42576EBDC00E29524 /* RNTestFramework */ = {
			isa = PBXNativeTarget;
			buildConfigurationList = 6ADC75092576EBDD00E29524 /* Build configuration list for PBXNativeTarget "RNTestFramework" */;
			buildPhases = (
				6ADC74F02576EBDC00E29524 /* Headers */,
				6ADC74F12576EBDC00E29524 /* Sources */,
				6ADC74F22576EBDC00E29524 /* Frameworks */,
				6ADC74F32576EBDC00E29524 /* Resources */,
			);
			buildRules = (
			);
			dependencies = (
			);
			name = RNTestFramework;
			productName = RNTestFramework;
			productReference = 6ADC74F52576EBDC00E29524 /* RNTestFramework.framework */;
			productType = "com.apple.product-type.framework";
		};
		6ADC74FD2576EBDD00E29524 /* RNTestFrameworkTests */ = {
			isa = PBXNativeTarget;
			buildConfigurationList = 6ADC750C2576EBDD00E29524 /* Build configuration list for PBXNativeTarget "RNTestFrameworkTests" */;
			buildPhases = (
				6ADC74FA2576EBDD00E29524 /* Sources */,
				6ADC74FB2576EBDD00E29524 /* Frameworks */,
				6ADC74FC2576EBDD00E29524 /* Resources */,
			);
			buildRules = (
			);
			dependencies = (
				6ADC75012576EBDD00E29524 /* PBXTargetDependency */,
			);
			name = RNTestFrameworkTests;
			productName = RNTestFrameworkTests;
			productReference = 6ADC74FE2576EBDD00E29524 /* RNTestFrameworkTests.xctest */;
			productType = "com.apple.product-type.bundle.unit-test";
		};
/* End PBXNativeTarget section */

/* Begin PBXProject section */
		6ADC74EC2576EBDC00E29524 /* Project object */ = {
			isa = PBXProject;
			attributes = {
				LastSwiftUpdateCheck = 1220;
				LastUpgradeCheck = 1220;
				TargetAttributes = {
					6ADC74F42576EBDC00E29524 = {
						CreatedOnToolsVersion = 12.2;
						LastSwiftMigration = 1220;
					};
					6ADC74FD2576EBDD00E29524 = {
						CreatedOnToolsVersion = 12.2;
					};
				};
			};
			buildConfigurationList = 6ADC74EF2576EBDC00E29524 /* Build configuration list for PBXProject "RNTestFramework" */;
			compatibilityVersion = "Xcode 9.3";
			developmentRegion = en;
			hasScannedForEncodings = 0;
			knownRegions = (
				en,
				Base,
			);
			mainGroup = 6ADC74EB2576EBDC00E29524;
			productRefGroup = 6ADC74F62576EBDC00E29524 /* Products */;
			projectDirPath = "";
			projectRoot = "";
			targets = (
				6ADC74F42576EBDC00E29524 /* RNTestFramework */,
				6ADC74FD2576EBDD00E29524 /* RNTestFrameworkTests */,
			);
		};
/* End PBXProject section */

/* Begin PBXResourcesBuildPhase section */
		6ADC74F32576EBDC00E29524 /* Resources */ = {
			isa = PBXResourcesBuildPhase;
			buildActionMask = 2147483647;
			files = (
			);
			runOnlyForDeploymentPostprocessing = 0;
		};
		6ADC74FC2576EBDD00E29524 /* Resources */ = {
			isa = PBXResourcesBuildPhase;
			buildActionMask = 2147483647;
			files = (
			);
			runOnlyForDeploymentPostprocessing = 0;
		};
/* End PBXResourcesBuildPhase section */

/* Begin PBXSourcesBuildPhase section */
		6ADC74F12576EBDC00E29524 /* Sources */ = {
			isa = PBXSourcesBuildPhase;
			buildActionMask = 2147483647;
			files = (
				6ADC75122576EEF600E29524 /* RNTestController.swift in Sources */,
			);
			runOnlyForDeploymentPostprocessing = 0;
		};
		6ADC74FA2576EBDD00E29524 /* Sources */ = {
			isa = PBXSourcesBuildPhase;
			buildActionMask = 2147483647;
			files = (
				6ADC75042576EBDD00E29524 /* RNTestFrameworkTests.swift in Sources */,
			);
			runOnlyForDeploymentPostprocessing = 0;
		};
/* End PBXSourcesBuildPhase section */

/* Begin PBXTargetDependency section */
		6ADC75012576EBDD00E29524 /* PBXTargetDependency */ = {
			isa = PBXTargetDependency;
			target = 6ADC74F42576EBDC00E29524 /* RNTestFramework */;
			targetProxy = 6ADC75002576EBDD00E29524 /* PBXContainerItemProxy */;
		};
/* End PBXTargetDependency section */

/* Begin XCBuildConfiguration section */
		6ADC75072576EBDD00E29524 /* Debug */ = {
			isa = XCBuildConfiguration;
			buildSettings = {
				ALWAYS_SEARCH_USER_PATHS = NO;
				CLANG_ANALYZER_NONNULL = YES;
				CLANG_ANALYZER_NUMBER_OBJECT_CONVERSION = YES_AGGRESSIVE;
				CLANG_CXX_LANGUAGE_STANDARD = "gnu++14";
				CLANG_CXX_LIBRARY = "libc++";
				CLANG_ENABLE_MODULES = YES;
				CLANG_ENABLE_OBJC_ARC = YES;
				CLANG_ENABLE_OBJC_WEAK = YES;
				CLANG_WARN_BLOCK_CAPTURE_AUTORELEASING = YES;
				CLANG_WARN_BOOL_CONVERSION = YES;
				CLANG_WARN_COMMA = YES;
				CLANG_WARN_CONSTANT_CONVERSION = YES;
				CLANG_WARN_DEPRECATED_OBJC_IMPLEMENTATIONS = YES;
				CLANG_WARN_DIRECT_OBJC_ISA_USAGE = YES_ERROR;
				CLANG_WARN_DOCUMENTATION_COMMENTS = YES;
				CLANG_WARN_EMPTY_BODY = YES;
				CLANG_WARN_ENUM_CONVERSION = YES;
				CLANG_WARN_INFINITE_RECURSION = YES;
				CLANG_WARN_INT_CONVERSION = YES;
				CLANG_WARN_NON_LITERAL_NULL_CONVERSION = YES;
				CLANG_WARN_OBJC_IMPLICIT_RETAIN_SELF = YES;
				CLANG_WARN_OBJC_LITERAL_CONVERSION = YES;
				CLANG_WARN_OBJC_ROOT_CLASS = YES_ERROR;
				CLANG_WARN_QUOTED_INCLUDE_IN_FRAMEWORK_HEADER = YES;
				CLANG_WARN_RANGE_LOOP_ANALYSIS = YES;
				CLANG_WARN_STRICT_PROTOTYPES = YES;
				CLANG_WARN_SUSPICIOUS_MOVE = YES;
				CLANG_WARN_UNGUARDED_AVAILABILITY = YES_AGGRESSIVE;
				CLANG_WARN_UNREACHABLE_CODE = YES;
				CLANG_WARN__DUPLICATE_METHOD_MATCH = YES;
				COPY_PHASE_STRIP = NO;
				CURRENT_PROJECT_VERSION = 1;
				DEBUG_INFORMATION_FORMAT = dwarf;
				ENABLE_STRICT_OBJC_MSGSEND = YES;
				ENABLE_TESTABILITY = YES;
				GCC_C_LANGUAGE_STANDARD = gnu11;
				GCC_DYNAMIC_NO_PIC = NO;
				GCC_NO_COMMON_BLOCKS = YES;
				GCC_OPTIMIZATION_LEVEL = 0;
				GCC_PREPROCESSOR_DEFINITIONS = (
					"DEBUG=1",
					"$(inherited)",
				);
				GCC_WARN_64_TO_32_BIT_CONVERSION = YES;
				GCC_WARN_ABOUT_RETURN_TYPE = YES_ERROR;
				GCC_WARN_UNDECLARED_SELECTOR = YES;
				GCC_WARN_UNINITIALIZED_AUTOS = YES_AGGRESSIVE;
				GCC_WARN_UNUSED_FUNCTION = YES;
				GCC_WARN_UNUSED_VARIABLE = YES;
				IPHONEOS_DEPLOYMENT_TARGET = 14.2;
				MTL_ENABLE_DEBUG_INFO = INCLUDE_SOURCE;
				MTL_FAST_MATH = YES;
				ONLY_ACTIVE_ARCH = YES;
				SDKROOT = iphoneos;
				SWIFT_ACTIVE_COMPILATION_CONDITIONS = DEBUG;
				SWIFT_OPTIMIZATION_LEVEL = "-Onone";
				VERSIONING_SYSTEM = "apple-generic";
				VERSION_INFO_PREFIX = "";
			};
			name = Debug;
		};
		6ADC75082576EBDD00E29524 /* Release */ = {
			isa = XCBuildConfiguration;
			buildSettings = {
				ALWAYS_SEARCH_USER_PATHS = NO;
				CLANG_ANALYZER_NONNULL = YES;
				CLANG_ANALYZER_NUMBER_OBJECT_CONVERSION = YES_AGGRESSIVE;
				CLANG_CXX_LANGUAGE_STANDARD = "gnu++14";
				CLANG_CXX_LIBRARY = "libc++";
				CLANG_ENABLE_MODULES = YES;
				CLANG_ENABLE_OBJC_ARC = YES;
				CLANG_ENABLE_OBJC_WEAK = YES;
				CLANG_WARN_BLOCK_CAPTURE_AUTORELEASING = YES;
				CLANG_WARN_BOOL_CONVERSION = YES;
				CLANG_WARN_COMMA = YES;
				CLANG_WARN_CONSTANT_CONVERSION = YES;
				CLANG_WARN_DEPRECATED_OBJC_IMPLEMENTATIONS = YES;
				CLANG_WARN_DIRECT_OBJC_ISA_USAGE = YES_ERROR;
				CLANG_WARN_DOCUMENTATION_COMMENTS = YES;
				CLANG_WARN_EMPTY_BODY = YES;
				CLANG_WARN_ENUM_CONVERSION = YES;
				CLANG_WARN_INFINITE_RECURSION = YES;
				CLANG_WARN_INT_CONVERSION = YES;
				CLANG_WARN_NON_LITERAL_NULL_CONVERSION = YES;
				CLANG_WARN_OBJC_IMPLICIT_RETAIN_SELF = YES;
				CLANG_WARN_OBJC_LITERAL_CONVERSION = YES;
				CLANG_WARN_OBJC_ROOT_CLASS = YES_ERROR;
				CLANG_WARN_QUOTED_INCLUDE_IN_FRAMEWORK_HEADER = YES;
				CLANG_WARN_RANGE_LOOP_ANALYSIS = YES;
				CLANG_WARN_STRICT_PROTOTYPES = YES;
				CLANG_WARN_SUSPICIOUS_MOVE = YES;
				CLANG_WARN_UNGUARDED_AVAILABILITY = YES_AGGRESSIVE;
				CLANG_WARN_UNREACHABLE_CODE = YES;
				CLANG_WARN__DUPLICATE_METHOD_MATCH = YES;
				COPY_PHASE_STRIP = NO;
				CURRENT_PROJECT_VERSION = 1;
				DEBUG_INFORMATION_FORMAT = "dwarf-with-dsym";
				ENABLE_NS_ASSERTIONS = NO;
				ENABLE_STRICT_OBJC_MSGSEND = YES;
				GCC_C_LANGUAGE_STANDARD = gnu11;
				GCC_NO_COMMON_BLOCKS = YES;
				GCC_WARN_64_TO_32_BIT_CONVERSION = YES;
				GCC_WARN_ABOUT_RETURN_TYPE = YES_ERROR;
				GCC_WARN_UNDECLARED_SELECTOR = YES;
				GCC_WARN_UNINITIALIZED_AUTOS = YES_AGGRESSIVE;
				GCC_WARN_UNUSED_FUNCTION = YES;
				GCC_WARN_UNUSED_VARIABLE = YES;
				IPHONEOS_DEPLOYMENT_TARGET = 14.2;
				MTL_ENABLE_DEBUG_INFO = NO;
				MTL_FAST_MATH = YES;
				SDKROOT = iphoneos;
				SWIFT_COMPILATION_MODE = wholemodule;
				SWIFT_OPTIMIZATION_LEVEL = "-O";
				VALIDATE_PRODUCT = YES;
				VERSIONING_SYSTEM = "apple-generic";
				VERSION_INFO_PREFIX = "";
			};
			name = Release;
		};
		6ADC750A2576EBDD00E29524 /* Debug */ = {
			isa = XCBuildConfiguration;
			buildSettings = {
				CLANG_ENABLE_MODULES = YES;
				CODE_SIGN_STYLE = Automatic;
				DEFINES_MODULE = YES;
				DYLIB_COMPATIBILITY_VERSION = 1;
				DYLIB_CURRENT_VERSION = 1;
				DYLIB_INSTALL_NAME_BASE = "@rpath";
				INFOPLIST_FILE = RNTestFramework/Info.plist;
				INSTALL_PATH = "$(LOCAL_LIBRARY_DIR)/Frameworks";
				LD_RUNPATH_SEARCH_PATHS = (
					"$(inherited)",
					"@executable_path/Frameworks",
					"@loader_path/Frameworks",
				);
				PRODUCT_BUNDLE_IDENTIFIER = com.Unibet.RNTestFramework;
				PRODUCT_NAME = "$(TARGET_NAME:c99extidentifier)";
				SKIP_INSTALL = YES;
				SWIFT_OPTIMIZATION_LEVEL = "-Onone";
				SWIFT_VERSION = 5.0;
				TARGETED_DEVICE_FAMILY = "1,2";
			};
			name = Debug;
		};
		6ADC750B2576EBDD00E29524 /* Release */ = {
			isa = XCBuildConfiguration;
			buildSettings = {
				CLANG_ENABLE_MODULES = YES;
				CODE_SIGN_STYLE = Automatic;
				DEFINES_MODULE = YES;
				DYLIB_COMPATIBILITY_VERSION = 1;
				DYLIB_CURRENT_VERSION = 1;
				DYLIB_INSTALL_NAME_BASE = "@rpath";
				INFOPLIST_FILE = RNTestFramework/Info.plist;
				INSTALL_PATH = "$(LOCAL_LIBRARY_DIR)/Frameworks";
				LD_RUNPATH_SEARCH_PATHS = (
					"$(inherited)",
					"@executable_path/Frameworks",
					"@loader_path/Frameworks",
				);
				PRODUCT_BUNDLE_IDENTIFIER = com.Unibet.RNTestFramework;
				PRODUCT_NAME = "$(TARGET_NAME:c99extidentifier)";
				SKIP_INSTALL = YES;
				SWIFT_VERSION = 5.0;
				TARGETED_DEVICE_FAMILY = "1,2";
			};
			name = Release;
		};
		6ADC750D2576EBDD00E29524 /* Debug */ = {
			isa = XCBuildConfiguration;
			buildSettings = {
				ALWAYS_EMBED_SWIFT_STANDARD_LIBRARIES = YES;
				CODE_SIGN_STYLE = Automatic;
				INFOPLIST_FILE = RNTestFrameworkTests/Info.plist;
				LD_RUNPATH_SEARCH_PATHS = (
					"$(inherited)",
					"@executable_path/Frameworks",
					"@loader_path/Frameworks",
				);
				PRODUCT_BUNDLE_IDENTIFIER = com.Unibet.RNTestFrameworkTests;
				PRODUCT_NAME = "$(TARGET_NAME)";
				SWIFT_VERSION = 5.0;
				TARGETED_DEVICE_FAMILY = "1,2";
			};
			name = Debug;
		};
		6ADC750E2576EBDD00E29524 /* Release */ = {
			isa = XCBuildConfiguration;
			buildSettings = {
				ALWAYS_EMBED_SWIFT_STANDARD_LIBRARIES = YES;
				CODE_SIGN_STYLE = Automatic;
				INFOPLIST_FILE = RNTestFrameworkTests/Info.plist;
				LD_RUNPATH_SEARCH_PATHS = (
					"$(inherited)",
					"@executable_path/Frameworks",
					"@loader_path/Frameworks",
				);
				PRODUCT_BUNDLE_IDENTIFIER = com.Unibet.RNTestFrameworkTests;
				PRODUCT_NAME = "$(TARGET_NAME)";
				SWIFT_VERSION = 5.0;
				TARGETED_DEVICE_FAMILY = "1,2";
			};
			name = Release;
		};
/* End XCBuildConfiguration section */

/* Begin XCConfigurationList section */
		6ADC74EF2576EBDC00E29524 /* Build configuration list for PBXProject "RNTestFramework" */ = {
			isa = XCConfigurationList;
			buildConfigurations = (
				6ADC75072576EBDD00E29524 /* Debug */,
				6ADC75082576EBDD00E29524 /* Release */,
			);
			defaultConfigurationIsVisible = 0;
			defaultConfigurationName = Release;
		};
		6ADC75092576EBDD00E29524 /* Build configuration list for PBXNativeTarget "RNTestFramework" */ = {
			isa = XCConfigurationList;
			buildConfigurations = (
				6ADC750A2576EBDD00E29524 /* Debug */,
				6ADC750B2576EBDD00E29524 /* Release */,
			);
			defaultConfigurationIsVisible = 0;
			defaultConfigurationName = Release;
		};
		6ADC750C2576EBDD00E29524 /* Build configuration list for PBXNativeTarget "RNTestFrameworkTests" */ = {
			isa = XCConfigurationList;
			buildConfigurations = (
				6ADC750D2576EBDD00E29524 /* Debug */,
				6ADC750E2576EBDD00E29524 /* Release */,
			);
			defaultConfigurationIsVisible = 0;
			defaultConfigurationName = Release;
		};
/* End XCConfigurationList section */
	};
	rootObject = 6ADC74EC2576EBDC00E29524 /* Project object */;
}
